
Microsoft Visual Studio Solution File, Format Version 12.00
# Visual Studio Version 17
VisualStudioVersion = 17.2.32602.215
MinimumVisualStudioVersion = 10.0.40219.1
Project("{FAE04EC0-301F-11D3-BF4B-00C04F79EFBC}") = "NZWalksAPI", "NZWalksAPI\NZWalksAPI.csproj", "{0422C5D0-41EA-4EB6-8A5B-82E161CFA65B}"
EndProject
Global
	GlobalSection(SolutionConfigurationPlatforms) = preSolution
		Debug|Any CPU = Debug|Any CPU
		Release|Any CPU = Release|Any CPU
	EndGlobalSection
	GlobalSection(ProjectConfigurationPlatforms) = postSolution
		{0422C5D0-41EA-4EB6-8A5B-82E161CFA65B}.Debug|Any CPU.ActiveCfg = Debug|Any CPU
		{0422C5D0-41EA-4EB6-8A5B-82E161CFA65B}.Debug|Any CPU.Build.0 = Debug|Any CPU
		{0422C5D0-41EA-4EB6-8A5B-82E161CFA65B}.Release|Any CPU.ActiveCfg = Release|Any CPU
		{0422C5D0-41EA-4EB6-8A5B-82E161CFA65B}.Release|Any CPU.Build.0 = Release|Any CPU
	EndGlobalSection
	GlobalSection(SolutionProperties) = preSolution
		HideSolutionNode = FALSE
	EndGlobalSection
	GlobalSection(ExtensibilityGlobals) = postSolution
		SolutionGuid = {C03DE477-ADBD-4361-B461-C03EB4D8CABA}
	EndGlobalSection
EndGlobal
